// !$*UTF8*$!
{
	archiveVersion = 1;
	classes = {
	};
	objectVersion = 46;
	objects = {

/* Begin PBXBuildFile section */
		6F5C936E1917C6710003E5B3 /* main.cpp in Sources */ = {isa = PBXBuildFile; fileRef = 6F5C936D1917C6710003E5B3 /* main.cpp */; };
		6F5C93781917C7220003E5B3 /* AVL.cpp in Sources */ = {isa = PBXBuildFile; fileRef = 6F5C93761917C7220003E5B3 /* AVL.cpp */; };
/* End PBXBuildFile section */

/* Begin PBXCopyFilesBuildPhase section */
		6F5C93681917C6710003E5B3 /* CopyFiles */ = {
			isa = PBXCopyFilesBuildPhase;
			buildActionMask = 2147483647;
			dstPath = /usr/share/man/man1/;
			dstSubfolderSpec = 0;
			files = (
			);
			runOnlyForDeploymentPostprocessing = 1;
		};
/* End PBXCopyFilesBuildPhase section */

/* Begin PBXFileReference section */
		6F5C936A1917C6710003E5B3 /* AVL */ = {isa = PBXFileReference; explicitFileType = "compiled.mach-o.executable"; includeInIndex = 0; path = AVL; sourceTree = BUILT_PRODUCTS_DIR; };
		6F5C936D1917C6710003E5B3 /* main.cpp */ = {isa = PBXFileReference; lastKnownFileType = sourcecode.cpp.cpp; path = main.cpp; sourceTree = "<group>"; };
		6F5C93761917C7220003E5B3 /* AVL.cpp */ = {isa = PBXFileReference; fileEncoding = 4; lastKnownFileType = sourcecode.cpp.cpp; path = AVL.cpp; sourceTree = "<group>"; };
		6F5C93771917C7220003E5B3 /* AVL.h */ = {isa = PBXFileReference; fileEncoding = 4; lastKnownFileType = sourcecode.c.h; path = AVL.h; sourceTree = "<group>"; };
/* End PBXFileReference section */

/* Begin PBXFrameworksBuildPhase section */
		6F5C93671917C6710003E5B3 /* Frameworks */ = {
			isa = PBXFrameworksBuildPhase;
			buildActionMask = 2147483647;
			files = (
			);
			runOnlyForDeploymentPostprocessing = 0;
		};
/* End PBXFrameworksBuildPhase section */

/* Begin PBXGroup section */
		6F5C93611917C6710003E5B3 = {
			isa = PBXGroup;
			children = (
				6F5C936C1917C6710003E5B3 /* AVL */,
				6F5C936B1917C6710003E5B3 /* Products */,
			);
			sourceTree = "<group>";
		};
		6F5C936B1917C6710003E5B3 /* Products */ = {
			isa = PBXGroup;
			children = (
				6F5C936A1917C6710003E5B3 /* AVL */,
			);
			name = Products;
			sourceTree = "<group>";
		};
		6F5C936C1917C6710003E5B3 /* AVL */ = {
			isa = PBXGroup;
			children = (
				6F5C93761917C7220003E5B3 /* AVL.cpp */,
				6F5C93771917C7220003E5B3 /* AVL.h */,
				6F5C936D1917C6710003E5B3 /* main.cpp */,
			);
			path = AVL;
			sourceTree = "<group>";
		};
/* End PBXGroup section */

/* Begin PBXNativeTarget section */
		6F5C93691917C6710003E5B3 /* AVL */ = {
			isa = PBXNativeTarget;
			buildConfigurationList = 6F5C93731917C6710003E5B3 /* Build configuration list for PBXNativeTarget "AVL" */;
			buildPhases = (
				6F5C93661917C6710003E5B3 /* Sources */,
				6F5C93671917C6710003E5B3 /* Frameworks */,
				6F5C93681917C6710003E5B3 /* CopyFiles */,
			);
			buildRules = (
			);
			dependencies = (
			);
			name = AVL;
			productName = AVL;
			productReference = 6F5C936A1917C6710003E5B3 /* AVL */;
			productType = "com.apple.product-type.tool";
		};
/* End PBXNativeTarget section */

/* Begin PBXProject section */
		6F5C93621917C6710003E5B3 /* Project object */ = {
			isa = PBXProject;
			attributes = {
				LastUpgradeCheck = 0510;
				ORGANIZATIONNAME = Gatech;
			};
			buildConfigurationList = 6F5C93651917C6710003E5B3 /* Build configuration list for PBXProject "AVL" */;
			compatibilityVersion = "Xcode 3.2";
			developmentRegion = English;
			hasScannedForEncodings = 0;
			knownRegions = (
				en,
			);
			mainGroup = 6F5C93611917C6710003E5B3;
			productRefGroup = 6F5C936B1917C6710003E5B3 /* Products */;
			projectDirPath = "";
			projectRoot = "";
			targets = (
				6F5C93691917C6710003E5B3 /* AVL */,
			);
		};
/* End PBXProject section */

/* Begin PBXSourcesBuildPhase section */
		6F5C93661917C6710003E5B3 /* Sources */ = {
			isa = PBXSourcesBuildPhase;
			buildActionMask = 2147483647;
			files = (
				6F5C936E1917C6710003E5B3 /* main.cpp in Sources */,
				6F5C93781917C7220003E5B3 /* AVL.cpp in Sources */,
			);
			runOnlyForDeploymentPostprocessing = 0;
		};
/* End PBXSourcesBuildPhase section */

/* Begin XCBuildConfiguration section */
		6F5C93711917C6710003E5B3 /* Debug */ = {
			isa = XCBuildConfiguration;
			buildSettings = {
				ALWAYS_SEARCH_USER_PATHS = NO;
				CLANG_CXX_LANGUAGE_STANDARD = "gnu++0x";
				CLANG_CXX_LIBRARY = "libc++";
				CLANG_ENABLE_MODULES = YES;
				CLANG_ENABLE_OBJC_ARC = YES;
				CLANG_WARN_BOOL_CONVERSION = YES;
				CLANG_WARN_CONSTANT_CONVERSION = YES;
				CLANG_WARN_DIRECT_OBJC_ISA_USAGE = YES_ERROR;
				CLANG_WARN_EMPTY_BODY = YES;
				CLANG_WARN_ENUM_CONVERSION = YES;
				CLANG_WARN_INT_CONVERSION = YES;
				CLANG_WARN_OBJC_ROOT_CLASS = YES_ERROR;
				CLANG_WARN__DUPLICATE_METHOD_MATCH = YES;
				COPY_PHASE_STRIP = NO;
				GCC_C_LANGUAGE_STANDARD = gnu99;
				GCC_DYNAMIC_NO_PIC = NO;
				GCC_ENABLE_OBJC_EXCEPTIONS = YES;
				GCC_OPTIMIZATION_LEVEL = 0;
				GCC_PREPROCESSOR_DEFINITIONS = (
					"DEBUG=1",
					"$(inherited)",
				);
				GCC_SYMBOLS_PRIVATE_EXTERN = NO;
				GCC_WARN_64_TO_32_BIT_CONVERSION = YES;
				GCC_WARN_ABOUT_RETURN_TYPE = YES_ERROR;
				GCC_WARN_UNDECLARED_SELECTOR = YES;
				GCC_WARN_UNINITIALIZED_AUTOS = YES_AGGRESSIVE;
				GCC_WARN_UNUSED_FUNCTION = YES;
				GCC_WARN_UNUSED_VARIABLE = YES;
				MACOSX_DEPLOYMENT_TARGET = 10.9;
				ONLY_ACTIVE_ARCH = YES;
				SDKROOT = macosx;
			};
			name = Debug;
		};
		6F5C93721917C6710003E5B3 /* Release */ = {
			isa = XCBuildConfiguration;
			buildSettings = {
				ALWAYS_SEARCH_USER_PATHS = NO;
				CLANG_CXX_LANGUAGE_STANDARD = "gnu++0x";
				CLANG_CXX_LIBRARY = "libc++";
				CLANG_ENABLE_MODULES = YES;
				CLANG_ENABLE_OBJC_ARC = YES;
				CLANG_WARN_BOOL_CONVERSION = YES;
				CLANG_WARN_CONSTANT_CONVERSION = YES;
				CLANG_WARN_DIRECT_OBJC_ISA_USAGE = YES_ERROR;
				CLANG_WARN_EMPTY_BODY = YES;
				CLANG_WARN_ENUM_CONVERSION = YES;
				CLANG_WARN_INT_CONVERSION = YES;
				CLANG_WARN_OBJC_ROOT_CLASS = YES_ERROR;
				CLANG_WARN__DUPLICATE_METHOD_MATCH = YES;
				COPY_PHASE_STRIP = YES;
				DEBUG_INFORMATION_FORMAT = "dwarf-with-dsym";
				ENABLE_NS_ASSERTIONS = NO;
				GCC_C_LANGUAGE_STANDARD = gnu99;
				GCC_ENABLE_OBJC_EXCEPTIONS = YES;
				GCC_WARN_64_TO_32_BIT_CONVERSION = YES;
				GCC_WARN_ABOUT_RETURN_TYPE = YES_ERROR;
				GCC_WARN_UNDECLARED_SELECTOR = YES;
				GCC_WARN_UNINITIALIZED_AUTOS = YES_AGGRESSIVE;
				GCC_WARN_UNUSED_FUNCTION = YES;
				GCC_WARN_UNUSED_VARIABLE = YES;
				MACOSX_DEPLOYMENT_TARGET = 10.9;
				SDKROOT = macosx;
			};
			name = Release;
		};
		6F5C93741917C6710003E5B3 /* Debug */ = {
			isa = XCBuildConfiguration;
			buildSettings = {
				PRODUCT_NAME = "$(TARGET_NAME)";
			};
			name = Debug;
		};
		6F5C93751917C6710003E5B3 /* Release */ = {
			isa = XCBuildConfiguration;
			buildSettings = {
				PRODUCT_NAME = "$(TARGET_NAME)";
			};
			name = Release;
		};
/* End XCBuildConfiguration section */

/* Begin XCConfigurationList section */
		6F5C93651917C6710003E5B3 /* Build configuration list for PBXProject "AVL" */ = {
			isa = XCConfigurationList;
			buildConfigurations = (
				6F5C93711917C6710003E5B3 /* Debug */,
				6F5C93721917C6710003E5B3 /* Release */,
			);
			defaultConfigurationIsVisible = 0;
			defaultConfigurationName = Release;
		};
		6F5C93731917C6710003E5B3 /* Build configuration list for PBXNativeTarget "AVL" */ = {
			isa = XCConfigurationList;
			buildConfigurations = (
				6F5C93741917C6710003E5B3 /* Debug */,
				6F5C93751917C6710003E5B3 /* Release */,
			);
			defaultConfigurationIsVisible = 0;
			defaultConfigurationName = Release;
		};
/* End XCConfigurationList section */
	};
	rootObject = 6F5C93621917C6710003E5B3 /* Project object */;
}
