// !$*UTF8*$!
{
	archiveVersion = 1;
	classes = {
	};
	objectVersion = 46;
	objects = {

/* Begin PBXBuildFile section */
		6F7EED5B192CEED900DD2642 /* main.cpp in Sources */ = {isa = PBXBuildFile; fileRef = 6F7EED5A192CEED900DD2642 /* main.cpp */; };
		6F7EED69192CEF4C00DD2642 /* BSF.cpp in Sources */ = {isa = PBXBuildFile; fileRef = 6F7EED67192CEF4C00DD2642 /* BSF.cpp */; };
/* End PBXBuildFile section */

/* Begin PBXCopyFilesBuildPhase section */
		6F7EED55192CEED900DD2642 /* CopyFiles */ = {
			isa = PBXCopyFilesBuildPhase;
			buildActionMask = 2147483647;
			dstPath = /usr/share/man/man1/;
			dstSubfolderSpec = 0;
			files = (
			);
			runOnlyForDeploymentPostprocessing = 1;
		};
/* End PBXCopyFilesBuildPhase section */

/* Begin PBXFileReference section */
		6F7EED57192CEED900DD2642 /* Breadth-First Search */ = {isa = PBXFileReference; explicitFileType = "compiled.mach-o.executable"; includeInIndex = 0; path = "Breadth-First Search"; sourceTree = BUILT_PRODUCTS_DIR; };
		6F7EED5A192CEED900DD2642 /* main.cpp */ = {isa = PBXFileReference; lastKnownFileType = sourcecode.cpp.cpp; path = main.cpp; sourceTree = "<group>"; };
		6F7EED67192CEF4C00DD2642 /* BSF.cpp */ = {isa = PBXFileReference; fileEncoding = 4; lastKnownFileType = sourcecode.cpp.cpp; path = BSF.cpp; sourceTree = "<group>"; };
		6F7EED68192CEF4C00DD2642 /* BSF.h */ = {isa = PBXFileReference; fileEncoding = 4; lastKnownFileType = sourcecode.c.h; path = BSF.h; sourceTree = "<group>"; };
/* End PBXFileReference section */

/* Begin PBXFrameworksBuildPhase section */
		6F7EED54192CEED900DD2642 /* Frameworks */ = {
			isa = PBXFrameworksBuildPhase;
			buildActionMask = 2147483647;
			files = (
			);
			runOnlyForDeploymentPostprocessing = 0;
		};
/* End PBXFrameworksBuildPhase section */

/* Begin PBXGroup section */
		6F7EED4E192CEED900DD2642 = {
			isa = PBXGroup;
			children = (
				6F7EED59192CEED900DD2642 /* Breadth-First Search */,
				6F7EED58192CEED900DD2642 /* Products */,
			);
			sourceTree = "<group>";
		};
		6F7EED58192CEED900DD2642 /* Products */ = {
			isa = PBXGroup;
			children = (
				6F7EED57192CEED900DD2642 /* Breadth-First Search */,
			);
			name = Products;
			sourceTree = "<group>";
		};
		6F7EED59192CEED900DD2642 /* Breadth-First Search */ = {
			isa = PBXGroup;
			children = (
				6F7EED5A192CEED900DD2642 /* main.cpp */,
				6F7EED67192CEF4C00DD2642 /* BSF.cpp */,
				6F7EED68192CEF4C00DD2642 /* BSF.h */,
			);
			path = "Breadth-First Search";
			sourceTree = "<group>";
		};
/* End PBXGroup section */

/* Begin PBXNativeTarget section */
		6F7EED56192CEED900DD2642 /* Breadth-First Search */ = {
			isa = PBXNativeTarget;
			buildConfigurationList = 6F7EED60192CEED900DD2642 /* Build configuration list for PBXNativeTarget "Breadth-First Search" */;
			buildPhases = (
				6F7EED53192CEED900DD2642 /* Sources */,
				6F7EED54192CEED900DD2642 /* Frameworks */,
				6F7EED55192CEED900DD2642 /* CopyFiles */,
			);
			buildRules = (
			);
			dependencies = (
			);
			name = "Breadth-First Search";
			productName = "Breadth-First Search";
			productReference = 6F7EED57192CEED900DD2642 /* Breadth-First Search */;
			productType = "com.apple.product-type.tool";
		};
/* End PBXNativeTarget section */

/* Begin PBXProject section */
		6F7EED4F192CEED900DD2642 /* Project object */ = {
			isa = PBXProject;
			attributes = {
				LastUpgradeCheck = 0510;
				ORGANIZATIONNAME = Gatech;
			};
			buildConfigurationList = 6F7EED52192CEED900DD2642 /* Build configuration list for PBXProject "Breadth-First Search" */;
			compatibilityVersion = "Xcode 3.2";
			developmentRegion = English;
			hasScannedForEncodings = 0;
			knownRegions = (
				en,
			);
			mainGroup = 6F7EED4E192CEED900DD2642;
			productRefGroup = 6F7EED58192CEED900DD2642 /* Products */;
			projectDirPath = "";
			projectRoot = "";
			targets = (
				6F7EED56192CEED900DD2642 /* Breadth-First Search */,
			);
		};
/* End PBXProject section */

/* Begin PBXSourcesBuildPhase section */
		6F7EED53192CEED900DD2642 /* Sources */ = {
			isa = PBXSourcesBuildPhase;
			buildActionMask = 2147483647;
			files = (
				6F7EED5B192CEED900DD2642 /* main.cpp in Sources */,
				6F7EED69192CEF4C00DD2642 /* BSF.cpp in Sources */,
			);
			runOnlyForDeploymentPostprocessing = 0;
		};
/* End PBXSourcesBuildPhase section */

/* Begin XCBuildConfiguration section */
		6F7EED5E192CEED900DD2642 /* Debug */ = {
			isa = XCBuildConfiguration;
			buildSettings = {
				ALWAYS_SEARCH_USER_PATHS = NO;
				CLANG_CXX_LANGUAGE_STANDARD = "gnu++0x";
				CLANG_CXX_LIBRARY = "libc++";
				CLANG_ENABLE_MODULES = YES;
				CLANG_ENABLE_OBJC_ARC = YES;
				CLANG_WARN_BOOL_CONVERSION = YES;
				CLANG_WARN_CONSTANT_CONVERSION = YES;
				CLANG_WARN_DIRECT_OBJC_ISA_USAGE = YES_ERROR;
				CLANG_WARN_EMPTY_BODY = YES;
				CLANG_WARN_ENUM_CONVERSION = YES;
				CLANG_WARN_INT_CONVERSION = YES;
				CLANG_WARN_OBJC_ROOT_CLASS = YES_ERROR;
				CLANG_WARN__DUPLICATE_METHOD_MATCH = YES;
				COPY_PHASE_STRIP = NO;
				GCC_C_LANGUAGE_STANDARD = gnu99;
				GCC_DYNAMIC_NO_PIC = NO;
				GCC_ENABLE_OBJC_EXCEPTIONS = YES;
				GCC_OPTIMIZATION_LEVEL = 0;
				GCC_PREPROCESSOR_DEFINITIONS = (
					"DEBUG=1",
					"$(inherited)",
				);
				GCC_SYMBOLS_PRIVATE_EXTERN = NO;
				GCC_WARN_64_TO_32_BIT_CONVERSION = YES;
				GCC_WARN_ABOUT_RETURN_TYPE = YES_ERROR;
				GCC_WARN_UNDECLARED_SELECTOR = YES;
				GCC_WARN_UNINITIALIZED_AUTOS = YES_AGGRESSIVE;
				GCC_WARN_UNUSED_FUNCTION = YES;
				GCC_WARN_UNUSED_VARIABLE = YES;
				MACOSX_DEPLOYMENT_TARGET = 10.9;
				ONLY_ACTIVE_ARCH = YES;
				SDKROOT = macosx;
			};
			name = Debug;
		};
		6F7EED5F192CEED900DD2642 /* Release */ = {
			isa = XCBuildConfiguration;
			buildSettings = {
				ALWAYS_SEARCH_USER_PATHS = NO;
				CLANG_CXX_LANGUAGE_STANDARD = "gnu++0x";
				CLANG_CXX_LIBRARY = "libc++";
				CLANG_ENABLE_MODULES = YES;
				CLANG_ENABLE_OBJC_ARC = YES;
				CLANG_WARN_BOOL_CONVERSION = YES;
				CLANG_WARN_CONSTANT_CONVERSION = YES;
				CLANG_WARN_DIRECT_OBJC_ISA_USAGE = YES_ERROR;
				CLANG_WARN_EMPTY_BODY = YES;
				CLANG_WARN_ENUM_CONVERSION = YES;
				CLANG_WARN_INT_CONVERSION = YES;
				CLANG_WARN_OBJC_ROOT_CLASS = YES_ERROR;
				CLANG_WARN__DUPLICATE_METHOD_MATCH = YES;
				COPY_PHASE_STRIP = YES;
				DEBUG_INFORMATION_FORMAT = "dwarf-with-dsym";
				ENABLE_NS_ASSERTIONS = NO;
				GCC_C_LANGUAGE_STANDARD = gnu99;
				GCC_ENABLE_OBJC_EXCEPTIONS = YES;
				GCC_WARN_64_TO_32_BIT_CONVERSION = YES;
				GCC_WARN_ABOUT_RETURN_TYPE = YES_ERROR;
				GCC_WARN_UNDECLARED_SELECTOR = YES;
				GCC_WARN_UNINITIALIZED_AUTOS = YES_AGGRESSIVE;
				GCC_WARN_UNUSED_FUNCTION = YES;
				GCC_WARN_UNUSED_VARIABLE = YES;
				MACOSX_DEPLOYMENT_TARGET = 10.9;
				SDKROOT = macosx;
			};
			name = Release;
		};
		6F7EED61192CEED900DD2642 /* Debug */ = {
			isa = XCBuildConfiguration;
			buildSettings = {
				PRODUCT_NAME = "$(TARGET_NAME)";
			};
			name = Debug;
		};
		6F7EED62192CEED900DD2642 /* Release */ = {
			isa = XCBuildConfiguration;
			buildSettings = {
				PRODUCT_NAME = "$(TARGET_NAME)";
			};
			name = Release;
		};
/* End XCBuildConfiguration section */

/* Begin XCConfigurationList section */
		6F7EED52192CEED900DD2642 /* Build configuration list for PBXProject "Breadth-First Search" */ = {
			isa = XCConfigurationList;
			buildConfigurations = (
				6F7EED5E192CEED900DD2642 /* Debug */,
				6F7EED5F192CEED900DD2642 /* Release */,
			);
			defaultConfigurationIsVisible = 0;
			defaultConfigurationName = Release;
		};
		6F7EED60192CEED900DD2642 /* Build configuration list for PBXNativeTarget "Breadth-First Search" */ = {
			isa = XCConfigurationList;
			buildConfigurations = (
				6F7EED61192CEED900DD2642 /* Debug */,
				6F7EED62192CEED900DD2642 /* Release */,
			);
			defaultConfigurationIsVisible = 0;
		};
/* End XCConfigurationList section */
	};
	rootObject = 6F7EED4F192CEED900DD2642 /* Project object */;
}
